// !$*UTF8*$!
{
	archiveVersion = 1;
	classes = {
	};
	objectVersion = 46;
	objects = {

/* Begin PBXBuildFile section */
		4AC5FAD5B8DC3BBA99AE4DE7 /* libPods-LLWNetworking.a in Frameworks */ = {isa = PBXBuildFile; fileRef = 0D4FEE064F28876BE2301942 /* libPods-LLWNetworking.a */; };
		F41762F71D2E569F0088B1A0 /* main.m in Sources */ = {isa = PBXBuildFile; fileRef = F41762F61D2E569F0088B1A0 /* main.m */; };
		F41762FA1D2E569F0088B1A0 /* AppDelegate.m in Sources */ = {isa = PBXBuildFile; fileRef = F41762F91D2E569F0088B1A0 /* AppDelegate.m */; };
		F41763001D2E569F0088B1A0 /* Main.storyboard in Resources */ = {isa = PBXBuildFile; fileRef = F41762FE1D2E569F0088B1A0 /* Main.storyboard */; };
		F41763021D2E569F0088B1A0 /* Assets.xcassets in Resources */ = {isa = PBXBuildFile; fileRef = F41763011D2E569F0088B1A0 /* Assets.xcassets */; };
		F41763051D2E569F0088B1A0 /* LaunchScreen.storyboard in Resources */ = {isa = PBXBuildFile; fileRef = F41763031D2E569F0088B1A0 /* LaunchScreen.storyboard */; };
		F41763101D2E569F0088B1A0 /* LLWNetworkingUITests.m in Sources */ = {isa = PBXBuildFile; fileRef = F417630F1D2E569F0088B1A0 /* LLWNetworkingUITests.m */; };
		F41763231D2E57A60088B1A0 /* ViewController.m in Sources */ = {isa = PBXBuildFile; fileRef = F417631D1D2E57A60088B1A0 /* ViewController.m */; };
		F417632D1D2E58390088B1A0 /* TestAPIManager.m in Sources */ = {isa = PBXBuildFile; fileRef = F417632C1D2E58390088B1A0 /* TestAPIManager.m */; };
		F42E27491D2F833B007135CF /* APIProxy.m in Sources */ = {isa = PBXBuildFile; fileRef = F42E27461D2F833B007135CF /* APIProxy.m */; };
		F42E274A1D2F833B007135CF /* BaseAPIManager.m in Sources */ = {isa = PBXBuildFile; fileRef = F42E27481D2F833B007135CF /* BaseAPIManager.m */; };
/* End PBXBuildFile section */

/* Begin PBXContainerItemProxy section */
		F417630C1D2E569F0088B1A0 /* PBXContainerItemProxy */ = {
			isa = PBXContainerItemProxy;
			containerPortal = F41762EA1D2E569F0088B1A0 /* Project object */;
			proxyType = 1;
			remoteGlobalIDString = F41762F11D2E569F0088B1A0;
			remoteInfo = LLWNetworking;
		};
/* End PBXContainerItemProxy section */

/* Begin PBXFileReference section */
		0D4FEE064F28876BE2301942 /* libPods-LLWNetworking.a */ = {isa = PBXFileReference; explicitFileType = archive.ar; includeInIndex = 0; path = "libPods-LLWNetworking.a"; sourceTree = BUILT_PRODUCTS_DIR; };
		1BFB4E107C9181F3226B1E46 /* Pods-LLWNetworking.debug.xcconfig */ = {isa = PBXFileReference; includeInIndex = 1; lastKnownFileType = text.xcconfig; name = "Pods-LLWNetworking.debug.xcconfig"; path = "Pods/Target Support Files/Pods-LLWNetworking/Pods-LLWNetworking.debug.xcconfig"; sourceTree = "<group>"; };
		5CC77CE8F95D98659DF29696 /* Pods-LLWNetworking.release.xcconfig */ = {isa = PBXFileReference; includeInIndex = 1; lastKnownFileType = text.xcconfig; name = "Pods-LLWNetworking.release.xcconfig"; path = "Pods/Target Support Files/Pods-LLWNetworking/Pods-LLWNetworking.release.xcconfig"; sourceTree = "<group>"; };
		F41762F21D2E569F0088B1A0 /* LLWNetworking.app */ = {isa = PBXFileReference; explicitFileType = wrapper.application; includeInIndex = 0; path = LLWNetworking.app; sourceTree = BUILT_PRODUCTS_DIR; };
		F41762F61D2E569F0088B1A0 /* main.m */ = {isa = PBXFileReference; lastKnownFileType = sourcecode.c.objc; path = main.m; sourceTree = "<group>"; };
		F41762F81D2E569F0088B1A0 /* AppDelegate.h */ = {isa = PBXFileReference; lastKnownFileType = sourcecode.c.h; path = AppDelegate.h; sourceTree = "<group>"; };
		F41762F91D2E569F0088B1A0 /* AppDelegate.m */ = {isa = PBXFileReference; lastKnownFileType = sourcecode.c.objc; path = AppDelegate.m; sourceTree = "<group>"; };
		F41762FF1D2E569F0088B1A0 /* Base */ = {isa = PBXFileReference; lastKnownFileType = file.storyboard; name = Base; path = Base.lproj/Main.storyboard; sourceTree = "<group>"; };
		F41763011D2E569F0088B1A0 /* Assets.xcassets */ = {isa = PBXFileReference; lastKnownFileType = folder.assetcatalog; path = Assets.xcassets; sourceTree = "<group>"; };
		F41763041D2E569F0088B1A0 /* Base */ = {isa = PBXFileReference; lastKnownFileType = file.storyboard; name = Base; path = Base.lproj/LaunchScreen.storyboard; sourceTree = "<group>"; };
		F41763061D2E569F0088B1A0 /* Info.plist */ = {isa = PBXFileReference; lastKnownFileType = text.plist.xml; path = Info.plist; sourceTree = "<group>"; };
		F417630B1D2E569F0088B1A0 /* LLWNetworkingUITests.xctest */ = {isa = PBXFileReference; explicitFileType = wrapper.cfbundle; includeInIndex = 0; path = LLWNetworkingUITests.xctest; sourceTree = BUILT_PRODUCTS_DIR; };
		F417630F1D2E569F0088B1A0 /* LLWNetworkingUITests.m */ = {isa = PBXFileReference; lastKnownFileType = sourcecode.c.objc; path = LLWNetworkingUITests.m; sourceTree = "<group>"; };
		F41763111D2E569F0088B1A0 /* Info.plist */ = {isa = PBXFileReference; lastKnownFileType = text.plist.xml; path = Info.plist; sourceTree = "<group>"; };
		F417631C1D2E57A60088B1A0 /* ViewController.h */ = {isa = PBXFileReference; fileEncoding = 4; lastKnownFileType = sourcecode.c.h; path = ViewController.h; sourceTree = "<group>"; };
		F417631D1D2E57A60088B1A0 /* ViewController.m */ = {isa = PBXFileReference; fileEncoding = 4; lastKnownFileType = sourcecode.c.objc; path = ViewController.m; sourceTree = "<group>"; };
		F417632B1D2E58390088B1A0 /* TestAPIManager.h */ = {isa = PBXFileReference; fileEncoding = 4; lastKnownFileType = sourcecode.c.h; path = TestAPIManager.h; sourceTree = "<group>"; };
		F417632C1D2E58390088B1A0 /* TestAPIManager.m */ = {isa = PBXFileReference; fileEncoding = 4; lastKnownFileType = sourcecode.c.objc; path = TestAPIManager.m; sourceTree = "<group>"; };
		F42E27421D2F54E4007135CF /* Interface.h */ = {isa = PBXFileReference; lastKnownFileType = sourcecode.c.h; path = Interface.h; sourceTree = "<group>"; };
		F42E27431D2F5660007135CF /* PrefixHeader.pch */ = {isa = PBXFileReference; lastKnownFileType = sourcecode.c.h; path = PrefixHeader.pch; sourceTree = "<group>"; };
		F42E27451D2F833B007135CF /* APIProxy.h */ = {isa = PBXFileReference; fileEncoding = 4; lastKnownFileType = sourcecode.c.h; path = APIProxy.h; sourceTree = "<group>"; };
		F42E27461D2F833B007135CF /* APIProxy.m */ = {isa = PBXFileReference; fileEncoding = 4; lastKnownFileType = sourcecode.c.objc; path = APIProxy.m; sourceTree = "<group>"; };
		F42E27471D2F833B007135CF /* BaseAPIManager.h */ = {isa = PBXFileReference; fileEncoding = 4; lastKnownFileType = sourcecode.c.h; path = BaseAPIManager.h; sourceTree = "<group>"; };
		F42E27481D2F833B007135CF /* BaseAPIManager.m */ = {isa = PBXFileReference; fileEncoding = 4; lastKnownFileType = sourcecode.c.objc; path = BaseAPIManager.m; sourceTree = "<group>"; };
		F4B0BA811D3DFBFC00AB637B /* Header.h */ = {isa = PBXFileReference; fileEncoding = 4; lastKnownFileType = sourcecode.c.h; path = Header.h; sourceTree = "<group>"; };
/* End PBXFileReference section */

/* Begin PBXFrameworksBuildPhase section */
		F41762EF1D2E569F0088B1A0 /* Frameworks */ = {
			isa = PBXFrameworksBuildPhase;
			buildActionMask = 2147483647;
			files = (
				4AC5FAD5B8DC3BBA99AE4DE7 /* libPods-LLWNetworking.a in Frameworks */,
			);
			runOnlyForDeploymentPostprocessing = 0;
		};
		F41763081D2E569F0088B1A0 /* Frameworks */ = {
			isa = PBXFrameworksBuildPhase;
			buildActionMask = 2147483647;
			files = (
			);
			runOnlyForDeploymentPostprocessing = 0;
		};
/* End PBXFrameworksBuildPhase section */

/* Begin PBXGroup section */
		4F9CC0BA92159F69FB6582E1 /* Pods */ = {
			isa = PBXGroup;
			children = (
				1BFB4E107C9181F3226B1E46 /* Pods-LLWNetworking.debug.xcconfig */,
				5CC77CE8F95D98659DF29696 /* Pods-LLWNetworking.release.xcconfig */,
			);
			name = Pods;
			sourceTree = "<group>";
		};
		97365AB43CDEC0466FE5B9F7 /* Frameworks */ = {
			isa = PBXGroup;
			children = (
				0D4FEE064F28876BE2301942 /* libPods-LLWNetworking.a */,
			);
			name = Frameworks;
			sourceTree = "<group>";
		};
		F41762E91D2E569F0088B1A0 = {
			isa = PBXGroup;
			children = (
				F41762F41D2E569F0088B1A0 /* LLWNetworking */,
				F417630E1D2E569F0088B1A0 /* LLWNetworkingUITests */,
				F41762F31D2E569F0088B1A0 /* Products */,
				4F9CC0BA92159F69FB6582E1 /* Pods */,
				97365AB43CDEC0466FE5B9F7 /* Frameworks */,
			);
			sourceTree = "<group>";
		};
		F41762F31D2E569F0088B1A0 /* Products */ = {
			isa = PBXGroup;
			children = (
				F41762F21D2E569F0088B1A0 /* LLWNetworking.app */,
				F417630B1D2E569F0088B1A0 /* LLWNetworkingUITests.xctest */,
			);
			name = Products;
			sourceTree = "<group>";
		};
		F41762F41D2E569F0088B1A0 /* LLWNetworking */ = {
			isa = PBXGroup;
			children = (
				F417631A1D2E57A60088B1A0 /* Classes */,
				F41762F51D2E569F0088B1A0 /* Supporting Files */,
			);
			path = LLWNetworking;
			sourceTree = "<group>";
		};
		F41762F51D2E569F0088B1A0 /* Supporting Files */ = {
			isa = PBXGroup;
			children = (
				F41762F61D2E569F0088B1A0 /* main.m */,
			);
			name = "Supporting Files";
			sourceTree = "<group>";
		};
		F417630E1D2E569F0088B1A0 /* LLWNetworkingUITests */ = {
			isa = PBXGroup;
			children = (
				F417630F1D2E569F0088B1A0 /* LLWNetworkingUITests.m */,
				F41763111D2E569F0088B1A0 /* Info.plist */,
			);
			path = LLWNetworkingUITests;
			sourceTree = "<group>";
		};
		F417631A1D2E57A60088B1A0 /* Classes */ = {
			isa = PBXGroup;
			children = (
				F42E27411D2F54C0007135CF /* Global */,
				F417631F1D2E57A60088B1A0 /* Request */,
				F417631B1D2E57A60088B1A0 /* Controller */,
				F417631E1D2E57A60088B1A0 /* Model */,
				F41763221D2E57A60088B1A0 /* View */,
				F41763241D2E57E10088B1A0 /* Other */,
			);
			path = Classes;
			sourceTree = "<group>";
		};
		F417631B1D2E57A60088B1A0 /* Controller */ = {
			isa = PBXGroup;
			children = (
				F417631C1D2E57A60088B1A0 /* ViewController.h */,
				F417631D1D2E57A60088B1A0 /* ViewController.m */,
			);
			path = Controller;
			sourceTree = "<group>";
		};
		F417631E1D2E57A60088B1A0 /* Model */ = {
			isa = PBXGroup;
			children = (
			);
			path = Model;
			sourceTree = "<group>";
		};
		F417631F1D2E57A60088B1A0 /* Request */ = {
			isa = PBXGroup;
			children = (
				F42E27441D2F833B007135CF /* BaseAPIManager */,
				F41763201D2E57A60088B1A0 /* APIManager */,
			);
			path = Request;
			sourceTree = "<group>";
		};
		F41763201D2E57A60088B1A0 /* APIManager */ = {
			isa = PBXGroup;
			children = (
				F417632B1D2E58390088B1A0 /* TestAPIManager.h */,
				F417632C1D2E58390088B1A0 /* TestAPIManager.m */,
			);
			path = APIManager;
			sourceTree = "<group>";
		};
		F41763221D2E57A60088B1A0 /* View */ = {
			isa = PBXGroup;
			children = (
			);
			path = View;
			sourceTree = "<group>";
		};
		F41763241D2E57E10088B1A0 /* Other */ = {
			isa = PBXGroup;
			children = (
				F41762F81D2E569F0088B1A0 /* AppDelegate.h */,
				F41762F91D2E569F0088B1A0 /* AppDelegate.m */,
				F41762FE1D2E569F0088B1A0 /* Main.storyboard */,
				F41763011D2E569F0088B1A0 /* Assets.xcassets */,
				F41763031D2E569F0088B1A0 /* LaunchScreen.storyboard */,
				F41763061D2E569F0088B1A0 /* Info.plist */,
			);
			name = Other;
			path = ..;
			sourceTree = "<group>";
		};
		F42E27411D2F54C0007135CF /* Global */ = {
			isa = PBXGroup;
			children = (
				F42E27421D2F54E4007135CF /* Interface.h */,
				F42E27431D2F5660007135CF /* PrefixHeader.pch */,
				F4B0BA811D3DFBFC00AB637B /* Header.h */,
			);
			path = Global;
			sourceTree = "<group>";
		};
		F42E27441D2F833B007135CF /* BaseAPIManager */ = {
			isa = PBXGroup;
			children = (
				F42E27451D2F833B007135CF /* APIProxy.h */,
				F42E27461D2F833B007135CF /* APIProxy.m */,
				F42E27471D2F833B007135CF /* BaseAPIManager.h */,
				F42E27481D2F833B007135CF /* BaseAPIManager.m */,
			);
			path = BaseAPIManager;
			sourceTree = "<group>";
		};
/* End PBXGroup section */

/* Begin PBXNativeTarget section */
		F41762F11D2E569F0088B1A0 /* LLWNetworking */ = {
			isa = PBXNativeTarget;
			buildConfigurationList = F41763141D2E569F0088B1A0 /* Build configuration list for PBXNativeTarget "LLWNetworking" */;
			buildPhases = (
				D6BD2251E2646262CB524FB2 /* [CP] Check Pods Manifest.lock */,
				F41762EE1D2E569F0088B1A0 /* Sources */,
				F41762EF1D2E569F0088B1A0 /* Frameworks */,
				F41762F01D2E569F0088B1A0 /* Resources */,
				D9C613894E6B9DCC53D62384 /* [CP] Embed Pods Frameworks */,
				28FF2C7AA7A70DE8A607DFD8 /* [CP] Copy Pods Resources */,
			);
			buildRules = (
			);
			dependencies = (
			);
			name = LLWNetworking;
			productName = LLWNetworking;
			productReference = F41762F21D2E569F0088B1A0 /* LLWNetworking.app */;
			productType = "com.apple.product-type.application";
		};
		F417630A1D2E569F0088B1A0 /* LLWNetworkingUITests */ = {
			isa = PBXNativeTarget;
			buildConfigurationList = F41763171D2E569F0088B1A0 /* Build configuration list for PBXNativeTarget "LLWNetworkingUITests" */;
			buildPhases = (
				F41763071D2E569F0088B1A0 /* Sources */,
				F41763081D2E569F0088B1A0 /* Frameworks */,
				F41763091D2E569F0088B1A0 /* Resources */,
			);
			buildRules = (
			);
			dependencies = (
				F417630D1D2E569F0088B1A0 /* PBXTargetDependency */,
			);
			name = LLWNetworkingUITests;
			productName = LLWNetworkingUITests;
			productReference = F417630B1D2E569F0088B1A0 /* LLWNetworkingUITests.xctest */;
			productType = "com.apple.product-type.bundle.ui-testing";
		};
/* End PBXNativeTarget section */

/* Begin PBXProject section */
		F41762EA1D2E569F0088B1A0 /* Project object */ = {
			isa = PBXProject;
			attributes = {
				LastUpgradeCheck = 0730;
				ORGANIZATIONNAME = Dalong;
				TargetAttributes = {
					F41762F11D2E569F0088B1A0 = {
						CreatedOnToolsVersion = 7.3.1;
					};
					F417630A1D2E569F0088B1A0 = {
						CreatedOnToolsVersion = 7.3.1;
						TestTargetID = F41762F11D2E569F0088B1A0;
					};
				};
			};
			buildConfigurationList = F41762ED1D2E569F0088B1A0 /* Build configuration list for PBXProject "LLWNetworking" */;
			compatibilityVersion = "Xcode 3.2";
			developmentRegion = English;
			hasScannedForEncodings = 0;
			knownRegions = (
				en,
				Base,
			);
			mainGroup = F41762E91D2E569F0088B1A0;
			productRefGroup = F41762F31D2E569F0088B1A0 /* Products */;
			projectDirPath = "";
			projectRoot = "";
			targets = (
				F41762F11D2E569F0088B1A0 /* LLWNetworking */,
				F417630A1D2E569F0088B1A0 /* LLWNetworkingUITests */,
			);
		};
/* End PBXProject section */

/* Begin PBXResourcesBuildPhase section */
		F41762F01D2E569F0088B1A0 /* Resources */ = {
			isa = PBXResourcesBuildPhase;
			buildActionMask = 2147483647;
			files = (
				F41763051D2E569F0088B1A0 /* LaunchScreen.storyboard in Resources */,
				F41763021D2E569F0088B1A0 /* Assets.xcassets in Resources */,
				F41763001D2E569F0088B1A0 /* Main.storyboard in Resources */,
			);
			runOnlyForDeploymentPostprocessing = 0;
		};
		F41763091D2E569F0088B1A0 /* Resources */ = {
			isa = PBXResourcesBuildPhase;
			buildActionMask = 2147483647;
			files = (
			);
			runOnlyForDeploymentPostprocessing = 0;
		};
/* End PBXResourcesBuildPhase section */

/* Begin PBXShellScriptBuildPhase section */
		28FF2C7AA7A70DE8A607DFD8 /* [CP] Copy Pods Resources */ = {
			isa = PBXShellScriptBuildPhase;
			buildActionMask = 2147483647;
			files = (
			);
			inputPaths = (
			);
			name = "[CP] Copy Pods Resources";
			outputPaths = (
			);
			runOnlyForDeploymentPostprocessing = 0;
			shellPath = /bin/sh;
			shellScript = "\"${SRCROOT}/Pods/Target Support Files/Pods-LLWNetworking/Pods-LLWNetworking-resources.sh\"\n";
			showEnvVarsInLog = 0;
		};
		D6BD2251E2646262CB524FB2 /* [CP] Check Pods Manifest.lock */ = {
			isa = PBXShellScriptBuildPhase;
			buildActionMask = 2147483647;
			files = (
			);
			inputPaths = (
			);
			name = "[CP] Check Pods Manifest.lock";
			outputPaths = (
			);
			runOnlyForDeploymentPostprocessing = 0;
			shellPath = /bin/sh;
			shellScript = "diff \"${PODS_ROOT}/../Podfile.lock\" \"${PODS_ROOT}/Manifest.lock\" > /dev/null\nif [[ $? != 0 ]] ; then\n    cat << EOM\nerror: The sandbox is not in sync with the Podfile.lock. Run 'pod install' or update your CocoaPods installation.\nEOM\n    exit 1\nfi\n";
			showEnvVarsInLog = 0;
		};
		D9C613894E6B9DCC53D62384 /* [CP] Embed Pods Frameworks */ = {
			isa = PBXShellScriptBuildPhase;
			buildActionMask = 2147483647;
			files = (
			);
			inputPaths = (
			);
			name = "[CP] Embed Pods Frameworks";
			outputPaths = (
			);
			runOnlyForDeploymentPostprocessing = 0;
			shellPath = /bin/sh;
			shellScript = "\"${SRCROOT}/Pods/Target Support Files/Pods-LLWNetworking/Pods-LLWNetworking-frameworks.sh\"\n";
			showEnvVarsInLog = 0;
		};
/* End PBXShellScriptBuildPhase section */

/* Begin PBXSourcesBuildPhase section */
		F41762EE1D2E569F0088B1A0 /* Sources */ = {
			isa = PBXSourcesBuildPhase;
			buildActionMask = 2147483647;
			files = (
				F417632D1D2E58390088B1A0 /* TestAPIManager.m in Sources */,
				F42E27491D2F833B007135CF /* APIProxy.m in Sources */,
				F42E274A1D2F833B007135CF /* BaseAPIManager.m in Sources */,
				F41762FA1D2E569F0088B1A0 /* AppDelegate.m in Sources */,
				F41763231D2E57A60088B1A0 /* ViewController.m in Sources */,
				F41762F71D2E569F0088B1A0 /* main.m in Sources */,
			);
			runOnlyForDeploymentPostprocessing = 0;
		};
		F41763071D2E569F0088B1A0 /* Sources */ = {
			isa = PBXSourcesBuildPhase;
			buildActionMask = 2147483647;
			files = (
				F41763101D2E569F0088B1A0 /* LLWNetworkingUITests.m in Sources */,
			);
			runOnlyForDeploymentPostprocessing = 0;
		};
/* End PBXSourcesBuildPhase section */

/* Begin PBXTargetDependency section */
		F417630D1D2E569F0088B1A0 /* PBXTargetDependency */ = {
			isa = PBXTargetDependency;
			target = F41762F11D2E569F0088B1A0 /* LLWNetworking */;
			targetProxy = F417630C1D2E569F0088B1A0 /* PBXContainerItemProxy */;
		};
/* End PBXTargetDependency section */

/* Begin PBXVariantGroup section */
		F41762FE1D2E569F0088B1A0 /* Main.storyboard */ = {
			isa = PBXVariantGroup;
			children = (
				F41762FF1D2E569F0088B1A0 /* Base */,
			);
			name = Main.storyboard;
			sourceTree = "<group>";
		};
		F41763031D2E569F0088B1A0 /* LaunchScreen.storyboard */ = {
			isa = PBXVariantGroup;
			children = (
				F41763041D2E569F0088B1A0 /* Base */,
			);
			name = LaunchScreen.storyboard;
			sourceTree = "<group>";
		};
/* End PBXVariantGroup section */

/* Begin XCBuildConfiguration section */
		F41763121D2E569F0088B1A0 /* Debug */ = {
			isa = XCBuildConfiguration;
			buildSettings = {
				ALWAYS_SEARCH_USER_PATHS = NO;
				CLANG_ANALYZER_NONNULL = YES;
				CLANG_CXX_LANGUAGE_STANDARD = "gnu++0x";
				CLANG_CXX_LIBRARY = "libc++";
				CLANG_ENABLE_MODULES = YES;
				CLANG_ENABLE_OBJC_ARC = YES;
				CLANG_WARN_BOOL_CONVERSION = YES;
				CLANG_WARN_CONSTANT_CONVERSION = YES;
				CLANG_WARN_DIRECT_OBJC_ISA_USAGE = YES_ERROR;
				CLANG_WARN_EMPTY_BODY = YES;
				CLANG_WARN_ENUM_CONVERSION = YES;
				CLANG_WARN_INT_CONVERSION = YES;
				CLANG_WARN_OBJC_ROOT_CLASS = YES_ERROR;
				CLANG_WARN_UNREACHABLE_CODE = YES;
				CLANG_WARN__DUPLICATE_METHOD_MATCH = YES;
				"CODE_SIGN_IDENTITY[sdk=iphoneos*]" = "iPhone Developer";
				COPY_PHASE_STRIP = NO;
				DEBUG_INFORMATION_FORMAT = dwarf;
				ENABLE_STRICT_OBJC_MSGSEND = YES;
				ENABLE_TESTABILITY = YES;
				GCC_C_LANGUAGE_STANDARD = gnu99;
				GCC_DYNAMIC_NO_PIC = NO;
				GCC_NO_COMMON_BLOCKS = YES;
				GCC_OPTIMIZATION_LEVEL = 0;
				GCC_PREPROCESSOR_DEFINITIONS = (
					"DEBUG=1",
					"$(inherited)",
				);
				GCC_WARN_64_TO_32_BIT_CONVERSION = YES;
				GCC_WARN_ABOUT_RETURN_TYPE = YES_ERROR;
				GCC_WARN_UNDECLARED_SELECTOR = YES;
				GCC_WARN_UNINITIALIZED_AUTOS = YES_AGGRESSIVE;
				GCC_WARN_UNUSED_FUNCTION = YES;
				GCC_WARN_UNUSED_VARIABLE = YES;
				IPHONEOS_DEPLOYMENT_TARGET = 9.3;
				MTL_ENABLE_DEBUG_INFO = YES;
				ONLY_ACTIVE_ARCH = YES;
				SDKROOT = iphoneos;
				TARGETED_DEVICE_FAMILY = "1,2";
			};
			name = Debug;
		};
		F41763131D2E569F0088B1A0 /* Release */ = {
			isa = XCBuildConfiguration;
			buildSettings = {
				ALWAYS_SEARCH_USER_PATHS = NO;
				CLANG_ANALYZER_NONNULL = YES;
				CLANG_CXX_LANGUAGE_STANDARD = "gnu++0x";
				CLANG_CXX_LIBRARY = "libc++";
				CLANG_ENABLE_MODULES = YES;
				CLANG_ENABLE_OBJC_ARC = YES;
				CLANG_WARN_BOOL_CONVERSION = YES;
				CLANG_WARN_CONSTANT_CONVERSION = YES;
				CLANG_WARN_DIRECT_OBJC_ISA_USAGE = YES_ERROR;
				CLANG_WARN_EMPTY_BODY = YES;
				CLANG_WARN_ENUM_CONVERSION = YES;
				CLANG_WARN_INT_CONVERSION = YES;
				CLANG_WARN_OBJC_ROOT_CLASS = YES_ERROR;
				CLANG_WARN_UNREACHABLE_CODE = YES;
				CLANG_WARN__DUPLICATE_METHOD_MATCH = YES;
				"CODE_SIGN_IDENTITY[sdk=iphoneos*]" = "iPhone Developer";
				COPY_PHASE_STRIP = NO;
				DEBUG_INFORMATION_FORMAT = "dwarf-with-dsym";
				ENABLE_NS_ASSERTIONS = NO;
				ENABLE_STRICT_OBJC_MSGSEND = YES;
				GCC_C_LANGUAGE_STANDARD = gnu99;
				GCC_NO_COMMON_BLOCKS = YES;
				GCC_WARN_64_TO_32_BIT_CONVERSION = YES;
				GCC_WARN_ABOUT_RETURN_TYPE = YES_ERROR;
				GCC_WARN_UNDECLARED_SELECTOR = YES;
				GCC_WARN_UNINITIALIZED_AUTOS = YES_AGGRESSIVE;
				GCC_WARN_UNUSED_FUNCTION = YES;
				GCC_WARN_UNUSED_VARIABLE = YES;
				IPHONEOS_DEPLOYMENT_TARGET = 9.3;
				MTL_ENABLE_DEBUG_INFO = NO;
				SDKROOT = iphoneos;
				TARGETED_DEVICE_FAMILY = "1,2";
				VALIDATE_PRODUCT = YES;
			};
			name = Release;
		};
		F41763151D2E569F0088B1A0 /* Debug */ = {
			isa = XCBuildConfiguration;
			baseConfigurationReference = 1BFB4E107C9181F3226B1E46 /* Pods-LLWNetworking.debug.xcconfig */;
			buildSettings = {
				ASSETCATALOG_COMPILER_APPICON_NAME = AppIcon;
				GCC_PRECOMPILE_PREFIX_HEADER = YES;
				GCC_PREFIX_HEADER = "$(SRCROOT)/LLWNetworking/Classes/Global/PrefixHeader.pch";
				INFOPLIST_FILE = LLWNetworking/Info.plist;
				IPHONEOS_DEPLOYMENT_TARGET = 7.0;
				LD_RUNPATH_SEARCH_PATHS = "$(inherited) @executable_path/Frameworks";
				PRODUCT_BUNDLE_IDENTIFIER = com.dalong.LLWNetworking;
				PRODUCT_NAME = "$(TARGET_NAME)";
			};
			name = Debug;
		};
		F41763161D2E569F0088B1A0 /* Release */ = {
			isa = XCBuildConfiguration;
			baseConfigurationReference = 5CC77CE8F95D98659DF29696 /* Pods-LLWNetworking.release.xcconfig */;
			buildSettings = {
				ASSETCATALOG_COMPILER_APPICON_NAME = AppIcon;
				GCC_PRECOMPILE_PREFIX_HEADER = YES;
				GCC_PREFIX_HEADER = "$(SRCROOT)/LLWNetworking/Classes/Global/PrefixHeader.pch";
				INFOPLIST_FILE = LLWNetworking/Info.plist;
				IPHONEOS_DEPLOYMENT_TARGET = 7.0;
				LD_RUNPATH_SEARCH_PATHS = "$(inherited) @executable_path/Frameworks";
				PRODUCT_BUNDLE_IDENTIFIER = com.dalong.LLWNetworking;
				PRODUCT_NAME = "$(TARGET_NAME)";
			};
			name = Release;
		};
		F41763181D2E569F0088B1A0 /* Debug */ = {
			isa = XCBuildConfiguration;
			buildSettings = {
				INFOPLIST_FILE = LLWNetworkingUITests/Info.plist;
				LD_RUNPATH_SEARCH_PATHS = "$(inherited) @executable_path/Frameworks @loader_path/Frameworks";
				PRODUCT_BUNDLE_IDENTIFIER = com.dalong.LLWNetworkingUITests;
				PRODUCT_NAME = "$(TARGET_NAME)";
				TEST_TARGET_NAME = LLWNetworking;
			};
			name = Debug;
		};
		F41763191D2E569F0088B1A0 /* Release */ = {
			isa = XCBuildConfiguration;
			buildSettings = {
				INFOPLIST_FILE = LLWNetworkingUITests/Info.plist;
				LD_RUNPATH_SEARCH_PATHS = "$(inherited) @executable_path/Frameworks @loader_path/Frameworks";
				PRODUCT_BUNDLE_IDENTIFIER = com.dalong.LLWNetworkingUITests;
				PRODUCT_NAME = "$(TARGET_NAME)";
				TEST_TARGET_NAME = LLWNetworking;
			};
			name = Release;
		};
/* End XCBuildConfiguration section */

/* Begin XCConfigurationList section */
		F41762ED1D2E569F0088B1A0 /* Build configuration list for PBXProject "LLWNetworking" */ = {
			isa = XCConfigurationList;
			buildConfigurations = (
				F41763121D2E569F0088B1A0 /* Debug */,
				F41763131D2E569F0088B1A0 /* Release */,
			);
			defaultConfigurationIsVisible = 0;
			defaultConfigurationName = Release;
		};
		F41763141D2E569F0088B1A0 /* Build configuration list for PBXNativeTarget "LLWNetworking" */ = {
			isa = XCConfigurationList;
			buildConfigurations = (
				F41763151D2E569F0088B1A0 /* Debug */,
				F41763161D2E569F0088B1A0 /* Release */,
			);
			defaultConfigurationIsVisible = 0;
			defaultConfigurationName = Release;
		};
		F41763171D2E569F0088B1A0 /* Build configuration list for PBXNativeTarget "LLWNetworkingUITests" */ = {
			isa = XCConfigurationList;
			buildConfigurations = (
				F41763181D2E569F0088B1A0 /* Debug */,
				F41763191D2E569F0088B1A0 /* Release */,
			);
			defaultConfigurationIsVisible = 0;
			defaultConfigurationName = Release;
		};
/* End XCConfigurationList section */
	};
	rootObject = F41762EA1D2E569F0088B1A0 /* Project object */;
}
